
Microsoft Visual Studio Solution File, Format Version 12.00
# Visual Studio Version 17
VisualStudioVersion = 17.5.002.0
MinimumVisualStudioVersion = 10.0.40219.1
Project("{9A19103F-16F7-4668-BE54-9A1E7A4F7556}") = "QueueProgram", "QueueProgram.csproj", "{107150D2-C3C3-4561-A0C3-9899DB77A54D}"
EndProject
Global
	GlobalSection(SolutionConfigurationPlatforms) = preSolution
		Debug|Any CPU = Debug|Any CPU
		Release|Any CPU = Release|Any CPU
	EndGlobalSection
	GlobalSection(ProjectConfigurationPlatforms) = postSolution
		{107150D2-C3C3-4561-A0C3-9899DB77A54D}.Debug|Any CPU.ActiveCfg = Debug|Any CPU
		{107150D2-C3C3-4561-A0C3-9899DB77A54D}.Debug|Any CPU.Build.0 = Debug|Any CPU
		{107150D2-C3C3-4561-A0C3-9899DB77A54D}.Release|Any CPU.ActiveCfg = Release|Any CPU
		{107150D2-C3C3-4561-A0C3-9899DB77A54D}.Release|Any CPU.Build.0 = Release|Any CPU
	EndGlobalSection
	GlobalSection(SolutionProperties) = preSolution
		HideSolutionNode = FALSE
	EndGlobalSection
	GlobalSection(ExtensibilityGlobals) = postSolution
		SolutionGuid = {426C332E-BDD3-4CA1-A0ED-3B18DB5AE778}
	EndGlobalSection
EndGlobal
